
Microsoft Visual Studio Solution File, Format Version 12.00
# Visual Studio Version 17
VisualStudioVersion = 17.2.32630.192
MinimumVisualStudioVersion = 10.0.40219.1
Project("{FAE04EC0-301F-11D3-BF4B-00C04F79EFBC}") = "musteri kayıt otomasyonu", "musteri kayıt otomasyonu\musteri kayıt otomasyonu.csproj", "{494A74A0-C2DD-46B9-8CAD-4CF53C723FBB}"
EndProject
Project("{FAE04EC0-301F-11D3-BF4B-00C04F79EFBC}") = "EntityLayer", "EntityLayer\EntityLayer.csproj", "{24FB3F35-C42A-4286-A982-2520C7337DD2}"
EndProject
Project("{FAE04EC0-301F-11D3-BF4B-00C04F79EFBC}") = "BusinessLayer", "BusinessLayer\BusinessLayer.csproj", "{7764A920-B4A2-420F-8E42-0CB1E33BC2C8}"
EndProject
Global
	GlobalSection(SolutionConfigurationPlatforms) = preSolution
		Debug|Any CPU = Debug|Any CPU
		Release|Any CPU = Release|Any CPU
	EndGlobalSection
	GlobalSection(ProjectConfigurationPlatforms) = postSolution
		{494A74A0-C2DD-46B9-8CAD-4CF53C723FBB}.Debug|Any CPU.ActiveCfg = Debug|Any CPU
		{494A74A0-C2DD-46B9-8CAD-4CF53C723FBB}.Debug|Any CPU.Build.0 = Debug|Any CPU
		{494A74A0-C2DD-46B9-8CAD-4CF53C723FBB}.Release|Any CPU.ActiveCfg = Release|Any CPU
		{494A74A0-C2DD-46B9-8CAD-4CF53C723FBB}.Release|Any CPU.Build.0 = Release|Any CPU
		{24FB3F35-C42A-4286-A982-2520C7337DD2}.Debug|Any CPU.ActiveCfg = Debug|Any CPU
		{24FB3F35-C42A-4286-A982-2520C7337DD2}.Debug|Any CPU.Build.0 = Debug|Any CPU
		{24FB3F35-C42A-4286-A982-2520C7337DD2}.Release|Any CPU.ActiveCfg = Release|Any CPU
		{24FB3F35-C42A-4286-A982-2520C7337DD2}.Release|Any CPU.Build.0 = Release|Any CPU
		{7764A920-B4A2-420F-8E42-0CB1E33BC2C8}.Debug|Any CPU.ActiveCfg = Debug|Any CPU
		{7764A920-B4A2-420F-8E42-0CB1E33BC2C8}.Debug|Any CPU.Build.0 = Debug|Any CPU
		{7764A920-B4A2-420F-8E42-0CB1E33BC2C8}.Release|Any CPU.ActiveCfg = Release|Any CPU
		{7764A920-B4A2-420F-8E42-0CB1E33BC2C8}.Release|Any CPU.Build.0 = Release|Any CPU
	EndGlobalSection
	GlobalSection(SolutionProperties) = preSolution
		HideSolutionNode = FALSE
	EndGlobalSection
	GlobalSection(ExtensibilityGlobals) = postSolution
		SolutionGuid = {D21C9FFC-0B2A-4966-A190-9BEE68F96025}
	EndGlobalSection
EndGlobal
